
Microsoft Visual Studio Solution File, Format Version 12.00
# Visual Studio Version 16
VisualStudioVersion = 16.0.30711.63
MinimumVisualStudioVersion = 10.0.40219.1
Project("{FAE04EC0-301F-11D3-BF4B-00C04F79EFBC}") = "CustomerOrderViewer2.0", "CustomerOrderViewer2.0.csproj", "{0EFBCE12-BD88-4888-BFD1-3D104B56123B}"
EndProject
Global
	GlobalSection(SolutionConfigurationPlatforms) = preSolution
		Debug|Any CPU = Debug|Any CPU
		Release|Any CPU = Release|Any CPU
	EndGlobalSection
	GlobalSection(ProjectConfigurationPlatforms) = postSolution
		{0EFBCE12-BD88-4888-BFD1-3D104B56123B}.Debug|Any CPU.ActiveCfg = Debug|Any CPU
		{0EFBCE12-BD88-4888-BFD1-3D104B56123B}.Debug|Any CPU.Build.0 = Debug|Any CPU
		{0EFBCE12-BD88-4888-BFD1-3D104B56123B}.Release|Any CPU.ActiveCfg = Release|Any CPU
		{0EFBCE12-BD88-4888-BFD1-3D104B56123B}.Release|Any CPU.Build.0 = Release|Any CPU
	EndGlobalSection
	GlobalSection(SolutionProperties) = preSolution
		HideSolutionNode = FALSE
	EndGlobalSection
	GlobalSection(ExtensibilityGlobals) = postSolution
		SolutionGuid = {3F5D0FDF-BA2F-42A2-84A7-4304770606A2}
	EndGlobalSection
EndGlobal
